Microsoft Visual Studio Solution File, Format Version 12.00
# Visual Studio Version 17
VisualStudioVersion = 17.5.2.0
MinimumVisualStudioVersion = 10.0.40219.1
Project("{FAE04EC0-301F-11D3-BF4B-00C04F79EFBC}") = "AwlrAziz", "AwlrAziz.csproj", "{D294536E-85F7-1317-5A07-538FD639F2D4}"
EndProject
Global
	GlobalSection(SolutionConfigurationPlatforms) = preSolution
		Debug|Any CPU = Debug|Any CPU
		Release|Any CPU = Release|Any CPU
	EndGlobalSection
	GlobalSection(ProjectConfigurationPlatforms) = postSolution
		{D294536E-85F7-1317-5A07-538FD639F2D4}.Debug|Any CPU.ActiveCfg = Debug|Any CPU
		{D294536E-85F7-1317-5A07-538FD639F2D4}.Debug|Any CPU.Build.0 = Debug|Any CPU
		{D294536E-85F7-1317-5A07-538FD639F2D4}.Release|Any CPU.ActiveCfg = Release|Any CPU
		{D294536E-85F7-1317-5A07-538FD639F2D4}.Release|Any CPU.Build.0 = Release|Any CPU
	EndGlobalSection
	GlobalSection(SolutionProperties) = preSolution
		HideSolutionNode = FALSE
	EndGlobalSection
	GlobalSection(ExtensibilityGlobals) = postSolution
		SolutionGuid = {BF20D5DE-D3AB-426A-8F37-25CA166123F8}
	EndGlobalSection
EndGlobal
